
Microsoft Visual Studio Solution File, Format Version 12.00
# Visual Studio 15
VisualStudioVersion = 15.0.26730.12
MinimumVisualStudioVersion = 10.0.40219.1
Project("{9A19103F-16F7-4668-BE54-9A1E7A4F7556}") = "NetCoreReact", "NetCoreReact\NetCoreReact.csproj", "{91BFC0B2-7C94-4ADB-8E06-1EBE6979FBC5}"
EndProject
Global
	GlobalSection(SolutionConfigurationPlatforms) = preSolution
		Debug|Any CPU = Debug|Any CPU
		Release|Any CPU = Release|Any CPU
	EndGlobalSection
	GlobalSection(ProjectConfigurationPlatforms) = postSolution
		{91BFC0B2-7C94-4ADB-8E06-1EBE6979FBC5}.Debug|Any CPU.ActiveCfg = Debug|Any CPU
		{91BFC0B2-7C94-4ADB-8E06-1EBE6979FBC5}.Debug|Any CPU.Build.0 = Debug|Any CPU
		{91BFC0B2-7C94-4ADB-8E06-1EBE6979FBC5}.Release|Any CPU.ActiveCfg = Release|Any CPU
		{91BFC0B2-7C94-4ADB-8E06-1EBE6979FBC5}.Release|Any CPU.Build.0 = Release|Any CPU
	EndGlobalSection
	GlobalSection(SolutionProperties) = preSolution
		HideSolutionNode = FALSE
	EndGlobalSection
	GlobalSection(ExtensibilityGlobals) = postSolution
		SolutionGuid = {7A66045B-3EEC-455C-A5B8-611D85589B3E}
	EndGlobalSection
EndGlobal
